{
  "version": 4,
  "terraform_version": "1.10.5",
  "serial": 1278,
  "lineage": "d294df7e-4e67-98a2-d1e1-38754f38dfc9",
  "outputs": {},
  "resources": [
    {
      "mode": "managed",
      "type": "netbox_device",
      "name": "firewall",
      "provider": "provider[\"registry.terraform.io/e-breuninger/netbox\"]",
      "instances": [
        {
          "schema_version": 0,
          "attributes": {
            "asset_tag": "",
            "cluster_id": 0,
            "comments": "",
            "config_template_id": 0,
            "custom_fields": {
              "zabbix_hostid": ""
            },
            "description": "",
            "device_type_id": 22,
            "id": "2952",
            "local_context_data": "",
            "location_id": 0,
            "name": "firewall-ILDOC Testing",
            "platform_id": 0,
            "primary_ipv4": 3408,
            "primary_ipv6": 0,
            "rack_face": "",
            "rack_id": 0,
            "rack_position": 0,
            "role_id": 3,
            "serial": "",
            "site_id": 463,
            "status": "active",
            "tags": [],
            "tenant_id": 0,
            "virtual_chassis_id": 0,
            "virtual_chassis_master": false,
            "virtual_chassis_position": 0,
            "virtual_chassis_priority": 0
          },
          "sensitive_attributes": [],
          "private": "bnVsbA==",
          "dependencies": [
            "netbox_device_role.firewall_role",
            "netbox_device_type.fortigate",
            "netbox_manufacturer.fortinet",
            "netbox_site.new_site"
          ]
        }
      ]
    },
    {
      "mode": "managed",
      "type": "netbox_device",
      "name": "switches",
      "provider": "provider[\"registry.terraform.io/e-breuninger/netbox\"]",
      "instances": [
        {
          "index_key": "ILDOC-TEST--01",
          "schema_version": 0,
          "attributes": {
            "asset_tag": "",
            "cluster_id": 0,
            "comments": "",
            "config_template_id": 0,
            "custom_fields": {
              "zabbix_hostid": ""
            },
            "description": "",
            "device_type_id": 21,
            "id": "3052",
            "local_context_data": "",
            "location_id": 0,
            "name": "ILDOC-TEST--01",
            "platform_id": 0,
            "primary_ipv4": 0,
            "primary_ipv6": 0,
            "rack_face": "",
            "rack_id": 0,
            "rack_position": 0,
            "role_id": 4,
            "serial": "",
            "site_id": 463,
            "status": "active",
            "tags": null,
            "tenant_id": 0,
            "virtual_chassis_id": 0,
            "virtual_chassis_master": false,
            "virtual_chassis_position": 0,
            "virtual_chassis_priority": 0
          },
          "sensitive_attributes": [],
          "private": "bnVsbA==",
          "dependencies": [
            "netbox_device_role.switch_role",
            "netbox_device_type.fortiswitch",
            "netbox_manufacturer.fortinet",
            "netbox_site.new_site"
          ]
        },
        {
          "index_key": "ILDOC-TEST--02",
          "schema_version": 0,
          "attributes": {
            "asset_tag": "",
            "cluster_id": 0,
            "comments": "",
            "config_template_id": 0,
            "custom_fields": {
              "zabbix_hostid": ""
            },
            "description": "",
            "device_type_id": 21,
            "id": "3059",
            "local_context_data": "",
            "location_id": 0,
            "name": "ILDOC-TEST--02",
            "platform_id": 0,
            "primary_ipv4": 0,
            "primary_ipv6": 0,
            "rack_face": "",
            "rack_id": 0,
            "rack_position": 0,
            "role_id": 4,
            "serial": "",
            "site_id": 463,
            "status": "active",
            "tags": null,
            "tenant_id": 0,
            "virtual_chassis_id": 0,
            "virtual_chassis_master": false,
            "virtual_chassis_position": 0,
            "virtual_chassis_priority": 0
          },
          "sensitive_attributes": [],
          "private": "bnVsbA==",
          "dependencies": [
            "netbox_device_role.switch_role",
            "netbox_device_type.fortiswitch",
            "netbox_manufacturer.fortinet",
            "netbox_site.new_site"
          ]
        },
        {
          "index_key": "ILDOC-TEST--03",
          "schema_version": 0,
          "attributes": {
            "asset_tag": "",
            "cluster_id": 0,
            "comments": "",
            "config_template_id": 0,
            "custom_fields": {
              "zabbix_hostid": ""
            },
            "description": "",
            "device_type_id": 21,
            "id": "3057",
            "local_context_data": "",
            "location_id": 0,
            "name": "ILDOC-TEST--03",
            "platform_id": 0,
            "primary_ipv4": 0,
            "primary_ipv6": 0,
            "rack_face": "",
            "rack_id": 0,
            "rack_position": 0,
            "role_id": 4,
            "serial": "",
            "site_id": 463,
            "status": "active",
            "tags": null,
            "tenant_id": 0,
            "virtual_chassis_id": 0,
            "virtual_chassis_master": false,
            "virtual_chassis_position": 0,
            "virtual_chassis_priority": 0
          },
          "sensitive_attributes": [],
          "private": "bnVsbA==",
          "dependencies": [
            "netbox_device_role.switch_role",
            "netbox_device_type.fortiswitch",
            "netbox_manufacturer.fortinet",
            "netbox_site.new_site"
          ]
        },
        {
          "index_key": "ILDOC-TEST--04",
          "schema_version": 0,
          "attributes": {
            "asset_tag": "",
            "cluster_id": 0,
            "comments": "",
            "config_template_id": 0,
            "custom_fields": {
              "zabbix_hostid": ""
            },
            "description": "",
            "device_type_id": 21,
            "id": "3053",
            "local_context_data": "",
            "location_id": 0,
            "name": "ILDOC-TEST--04",
            "platform_id": 0,
            "primary_ipv4": 0,
            "primary_ipv6": 0,
            "rack_face": "",
            "rack_id": 0,
            "rack_position": 0,
            "role_id": 4,
            "serial": "",
            "site_id": 463,
            "status": "active",
            "tags": null,
            "tenant_id": 0,
            "virtual_chassis_id": 0,
            "virtual_chassis_master": false,
            "virtual_chassis_position": 0,
            "virtual_chassis_priority": 0
          },
          "sensitive_attributes": [],
          "private": "bnVsbA==",
          "dependencies": [
            "netbox_device_role.switch_role",
            "netbox_device_type.fortiswitch",
            "netbox_manufacturer.fortinet",
            "netbox_site.new_site"
          ]
        },
        {
          "index_key": "ILDOC-TEST--05",
          "schema_version": 0,
          "attributes": {
            "asset_tag": "",
            "cluster_id": 0,
            "comments": "",
            "config_template_id": 0,
            "custom_fields": {
              "zabbix_hostid": ""
            },
            "description": "",
            "device_type_id": 21,
            "id": "3056",
            "local_context_data": "",
            "location_id": 0,
            "name": "ILDOC-TEST--05",
            "platform_id": 0,
            "primary_ipv4": 0,
            "primary_ipv6": 0,
            "rack_face": "",
            "rack_id": 0,
            "rack_position": 0,
            "role_id": 4,
            "serial": "",
            "site_id": 463,
            "status": "active",
            "tags": null,
            "tenant_id": 0,
            "virtual_chassis_id": 0,
            "virtual_chassis_master": false,
            "virtual_chassis_position": 0,
            "virtual_chassis_priority": 0
          },
          "sensitive_attributes": [],
          "private": "bnVsbA==",
          "dependencies": [
            "netbox_device_role.switch_role",
            "netbox_device_type.fortiswitch",
            "netbox_manufacturer.fortinet",
            "netbox_site.new_site"
          ]
        },
        {
          "index_key": "ILDOC-TEST--06",
          "schema_version": 0,
          "attributes": {
            "asset_tag": "",
            "cluster_id": 0,
            "comments": "",
            "config_template_id": 0,
            "custom_fields": {
              "zabbix_hostid": ""
            },
            "description": "",
            "device_type_id": 21,
            "id": "3055",
            "local_context_data": "",
            "location_id": 0,
            "name": "ILDOC-TEST--06",
            "platform_id": 0,
            "primary_ipv4": 0,
            "primary_ipv6": 0,
            "rack_face": "",
            "rack_id": 0,
            "rack_position": 0,
            "role_id": 4,
            "serial": "",
            "site_id": 463,
            "status": "active",
            "tags": null,
            "tenant_id": 0,
            "virtual_chassis_id": 0,
            "virtual_chassis_master": false,
            "virtual_chassis_position": 0,
            "virtual_chassis_priority": 0
          },
          "sensitive_attributes": [],
          "private": "bnVsbA==",
          "dependencies": [
            "netbox_device_role.switch_role",
            "netbox_device_type.fortiswitch",
            "netbox_manufacturer.fortinet",
            "netbox_site.new_site"
          ]
        },
        {
          "index_key": "ILDOC-TEST--07",
          "schema_version": 0,
          "attributes": {
            "asset_tag": "",
            "cluster_id": 0,
            "comments": "",
            "config_template_id": 0,
            "custom_fields": {
              "zabbix_hostid": ""
            },
            "description": "",
            "device_type_id": 21,
            "id": "3054",
            "local_context_data": "",
            "location_id": 0,
            "name": "ILDOC-TEST--07",
            "platform_id": 0,
            "primary_ipv4": 0,
            "primary_ipv6": 0,
            "rack_face": "",
            "rack_id": 0,
            "rack_position": 0,
            "role_id": 4,
            "serial": "",
            "site_id": 463,
            "status": "active",
            "tags": null,
            "tenant_id": 0,
            "virtual_chassis_id": 0,
            "virtual_chassis_master": false,
            "virtual_chassis_position": 0,
            "virtual_chassis_priority": 0
          },
          "sensitive_attributes": [],
          "private": "bnVsbA==",
          "dependencies": [
            "netbox_device_role.switch_role",
            "netbox_device_type.fortiswitch",
            "netbox_manufacturer.fortinet",
            "netbox_site.new_site"
          ]
        },
        {
          "index_key": "ILDOC-TEST--08",
          "schema_version": 0,
          "attributes": {
            "asset_tag": "",
            "cluster_id": 0,
            "comments": "",
            "config_template_id": 0,
            "custom_fields": {
              "zabbix_hostid": ""
            },
            "description": "",
            "device_type_id": 21,
            "id": "3058",
            "local_context_data": "",
            "location_id": 0,
            "name": "ILDOC-TEST--08",
            "platform_id": 0,
            "primary_ipv4": 0,
            "primary_ipv6": 0,
            "rack_face": "",
            "rack_id": 0,
            "rack_position": 0,
            "role_id": 4,
            "serial": "",
            "site_id": 463,
            "status": "active",
            "tags": null,
            "tenant_id": 0,
            "virtual_chassis_id": 0,
            "virtual_chassis_master": false,
            "virtual_chassis_position": 0,
            "virtual_chassis_priority": 0
          },
          "sensitive_attributes": [],
          "private": "bnVsbA==",
          "dependencies": [
            "netbox_device_role.switch_role",
            "netbox_device_type.fortiswitch",
            "netbox_manufacturer.fortinet",
            "netbox_site.new_site"
          ]
        },
        {
          "index_key": "ILDOC-TEST--09",
          "schema_version": 0,
          "attributes": {
            "asset_tag": "",
            "cluster_id": 0,
            "comments": "",
            "config_template_id": 0,
            "custom_fields": {
              "zabbix_hostid": ""
            },
            "description": "",
            "device_type_id": 21,
            "id": "3051",
            "local_context_data": "",
            "location_id": 0,
            "name": "ILDOC-TEST--09",
            "platform_id": 0,
            "primary_ipv4": 0,
            "primary_ipv6": 0,
            "rack_face": "",
            "rack_id": 0,
            "rack_position": 0,
            "role_id": 4,
            "serial": "",
            "site_id": 463,
            "status": "active",
            "tags": null,
            "tenant_id": 0,
            "virtual_chassis_id": 0,
            "virtual_chassis_master": false,
            "virtual_chassis_position": 0,
            "virtual_chassis_priority": 0
          },
          "sensitive_attributes": [],
          "private": "bnVsbA==",
          "dependencies": [
            "netbox_device_role.switch_role",
            "netbox_device_type.fortiswitch",
            "netbox_manufacturer.fortinet",
            "netbox_site.new_site"
          ]
        },
        {
          "index_key": "ILDOC-TEST--10",
          "schema_version": 0,
          "attributes": {
            "asset_tag": "",
            "cluster_id": 0,
            "comments": "",
            "config_template_id": 0,
            "custom_fields": {
              "zabbix_hostid": ""
            },
            "description": "",
            "device_type_id": 21,
            "id": "3048",
            "local_context_data": "",
            "location_id": 0,
            "name": "ILDOC-TEST--10",
            "platform_id": 0,
            "primary_ipv4": 0,
            "primary_ipv6": 0,
            "rack_face": "",
            "rack_id": 0,
            "rack_position": 0,
            "role_id": 4,
            "serial": "",
            "site_id": 463,
            "status": "active",
            "tags": null,
            "tenant_id": 0,
            "virtual_chassis_id": 0,
            "virtual_chassis_master": false,
            "virtual_chassis_position": 0,
            "virtual_chassis_priority": 0
          },
          "sensitive_attributes": [],
          "private": "bnVsbA==",
          "dependencies": [
            "netbox_device_role.switch_role",
            "netbox_device_type.fortiswitch",
            "netbox_manufacturer.fortinet",
            "netbox_site.new_site"
          ]
        },
        {
          "index_key": "ILDOC-TEST--11",
          "schema_version": 0,
          "attributes": {
            "asset_tag": "",
            "cluster_id": 0,
            "comments": "",
            "config_template_id": 0,
            "custom_fields": {
              "zabbix_hostid": ""
            },
            "description": "",
            "device_type_id": 21,
            "id": "3050",
            "local_context_data": "",
            "location_id": 0,
            "name": "ILDOC-TEST--11",
            "platform_id": 0,
            "primary_ipv4": 0,
            "primary_ipv6": 0,
            "rack_face": "",
            "rack_id": 0,
            "rack_position": 0,
            "role_id": 4,
            "serial": "",
            "site_id": 463,
            "status": "active",
            "tags": null,
            "tenant_id": 0,
            "virtual_chassis_id": 0,
            "virtual_chassis_master": false,
            "virtual_chassis_position": 0,
            "virtual_chassis_priority": 0
          },
          "sensitive_attributes": [],
          "private": "bnVsbA==",
          "dependencies": [
            "netbox_device_role.switch_role",
            "netbox_device_type.fortiswitch",
            "netbox_manufacturer.fortinet",
            "netbox_site.new_site"
          ]
        },
        {
          "index_key": "ILDOC-TEST--12",
          "schema_version": 0,
          "attributes": {
            "asset_tag": "",
            "cluster_id": 0,
            "comments": "",
            "config_template_id": 0,
            "custom_fields": {
              "zabbix_hostid": ""
            },
            "description": "",
            "device_type_id": 21,
            "id": "3049",
            "local_context_data": "",
            "location_id": 0,
            "name": "ILDOC-TEST--12",
            "platform_id": 0,
            "primary_ipv4": 0,
            "primary_ipv6": 0,
            "rack_face": "",
            "rack_id": 0,
            "rack_position": 0,
            "role_id": 4,
            "serial": "",
            "site_id": 463,
            "status": "active",
            "tags": null,
            "tenant_id": 0,
            "virtual_chassis_id": 0,
            "virtual_chassis_master": false,
            "virtual_chassis_position": 0,
            "virtual_chassis_priority": 0
          },
          "sensitive_attributes": [],
          "private": "bnVsbA==",
          "dependencies": [
            "netbox_device_role.switch_role",
            "netbox_device_type.fortiswitch",
            "netbox_manufacturer.fortinet",
            "netbox_site.new_site"
          ]
        }
      ]
    },
    {
      "mode": "managed",
      "type": "netbox_device_interface",
      "name": "firewall_interface",
      "provider": "provider[\"registry.terraform.io/e-breuninger/netbox\"]",
      "instances": [
        {
          "schema_version": 0,
          "attributes": {
            "description": "",
            "device_id": 2952,
            "enabled": true,
            "id": "3372",
            "label": "",
            "lag_device_interface_id": null,
            "mac_address": "",
            "mgmtonly": false,
            "mode": null,
            "mtu": 0,
            "name": "eth0",
            "parent_device_interface_id": null,
            "speed": 0,
            "tagged_vlans": [],
            "tags": [],
            "type": "1000base-t",
            "untagged_vlan": null
          },
          "sensitive_attributes": [],
          "private": "bnVsbA==",
          "dependencies": [
            "netbox_device.firewall",
            "netbox_device_role.firewall_role",
            "netbox_device_type.fortigate",
            "netbox_manufacturer.fortinet",
            "netbox_site.new_site"
          ]
        }
      ]
    },
    {
      "mode": "managed",
      "type": "netbox_device_interface",
      "name": "switch_interfaces",
      "provider": "provider[\"registry.terraform.io/e-breuninger/netbox\"]",
      "instances": [
        {
          "index_key": "ILDOC-TEST--01",
          "schema_version": 0,
          "attributes": {
            "description": null,
            "device_id": 3052,
            "enabled": true,
            "id": "3413",
            "label": null,
            "lag_device_interface_id": null,
            "mac_address": null,
            "mgmtonly": null,
            "mode": null,
            "mtu": null,
            "name": "eth0",
            "parent_device_interface_id": null,
            "speed": null,
            "tagged_vlans": null,
            "tags": null,
            "type": "1000base-t",
            "untagged_vlan": null
          },
          "sensitive_attributes": [],
          "private": "bnVsbA==",
          "dependencies": [
            "netbox_device.switches",
            "netbox_device_role.switch_role",
            "netbox_device_type.fortiswitch",
            "netbox_manufacturer.fortinet",
            "netbox_site.new_site"
          ]
        },
        {
          "index_key": "ILDOC-TEST--02",
          "schema_version": 0,
          "attributes": {
            "description": null,
            "device_id": 3059,
            "enabled": true,
            "id": "3422",
            "label": null,
            "lag_device_interface_id": null,
            "mac_address": null,
            "mgmtonly": null,
            "mode": null,
            "mtu": null,
            "name": "eth0",
            "parent_device_interface_id": null,
            "speed": null,
            "tagged_vlans": null,
            "tags": null,
            "type": "1000base-t",
            "untagged_vlan": null
          },
          "sensitive_attributes": [],
          "private": "bnVsbA==",
          "dependencies": [
            "netbox_device.switches",
            "netbox_device_role.switch_role",
            "netbox_device_type.fortiswitch",
            "netbox_manufacturer.fortinet",
            "netbox_site.new_site"
          ]
        },
        {
          "index_key": "ILDOC-TEST--03",
          "schema_version": 0,
          "attributes": {
            "description": null,
            "device_id": 3057,
            "enabled": true,
            "id": "3414",
            "label": null,
            "lag_device_interface_id": null,
            "mac_address": null,
            "mgmtonly": null,
            "mode": null,
            "mtu": null,
            "name": "eth0",
            "parent_device_interface_id": null,
            "speed": null,
            "tagged_vlans": null,
            "tags": null,
            "type": "1000base-t",
            "untagged_vlan": null
          },
          "sensitive_attributes": [],
          "private": "bnVsbA==",
          "dependencies": [
            "netbox_device.switches",
            "netbox_device_role.switch_role",
            "netbox_device_type.fortiswitch",
            "netbox_manufacturer.fortinet",
            "netbox_site.new_site"
          ]
        },
        {
          "index_key": "ILDOC-TEST--04",
          "schema_version": 0,
          "attributes": {
            "description": null,
            "device_id": 3053,
            "enabled": true,
            "id": "3420",
            "label": null,
            "lag_device_interface_id": null,
            "mac_address": null,
            "mgmtonly": null,
            "mode": null,
            "mtu": null,
            "name": "eth0",
            "parent_device_interface_id": null,
            "speed": null,
            "tagged_vlans": null,
            "tags": null,
            "type": "1000base-t",
            "untagged_vlan": null
          },
          "sensitive_attributes": [],
          "private": "bnVsbA==",
          "dependencies": [
            "netbox_device.switches",
            "netbox_device_role.switch_role",
            "netbox_device_type.fortiswitch",
            "netbox_manufacturer.fortinet",
            "netbox_site.new_site"
          ]
        },
        {
          "index_key": "ILDOC-TEST--05",
          "schema_version": 0,
          "attributes": {
            "description": null,
            "device_id": 3056,
            "enabled": true,
            "id": "3417",
            "label": null,
            "lag_device_interface_id": null,
            "mac_address": null,
            "mgmtonly": null,
            "mode": null,
            "mtu": null,
            "name": "eth0",
            "parent_device_interface_id": null,
            "speed": null,
            "tagged_vlans": null,
            "tags": null,
            "type": "1000base-t",
            "untagged_vlan": null
          },
          "sensitive_attributes": [],
          "private": "bnVsbA==",
          "dependencies": [
            "netbox_device.switches",
            "netbox_device_role.switch_role",
            "netbox_device_type.fortiswitch",
            "netbox_manufacturer.fortinet",
            "netbox_site.new_site"
          ]
        },
        {
          "index_key": "ILDOC-TEST--06",
          "schema_version": 0,
          "attributes": {
            "description": null,
            "device_id": 3055,
            "enabled": true,
            "id": "3423",
            "label": null,
            "lag_device_interface_id": null,
            "mac_address": null,
            "mgmtonly": null,
            "mode": null,
            "mtu": null,
            "name": "eth0",
            "parent_device_interface_id": null,
            "speed": null,
            "tagged_vlans": null,
            "tags": null,
            "type": "1000base-t",
            "untagged_vlan": null
          },
          "sensitive_attributes": [],
          "private": "bnVsbA==",
          "dependencies": [
            "netbox_device.switches",
            "netbox_device_role.switch_role",
            "netbox_device_type.fortiswitch",
            "netbox_manufacturer.fortinet",
            "netbox_site.new_site"
          ]
        },
        {
          "index_key": "ILDOC-TEST--07",
          "schema_version": 0,
          "attributes": {
            "description": null,
            "device_id": 3054,
            "enabled": true,
            "id": "3412",
            "label": null,
            "lag_device_interface_id": null,
            "mac_address": null,
            "mgmtonly": null,
            "mode": null,
            "mtu": null,
            "name": "eth0",
            "parent_device_interface_id": null,
            "speed": null,
            "tagged_vlans": null,
            "tags": null,
            "type": "1000base-t",
            "untagged_vlan": null
          },
          "sensitive_attributes": [],
          "private": "bnVsbA==",
          "dependencies": [
            "netbox_device.switches",
            "netbox_device_role.switch_role",
            "netbox_device_type.fortiswitch",
            "netbox_manufacturer.fortinet",
            "netbox_site.new_site"
          ]
        },
        {
          "index_key": "ILDOC-TEST--08",
          "schema_version": 0,
          "attributes": {
            "description": null,
            "device_id": 3058,
            "enabled": true,
            "id": "3419",
            "label": null,
            "lag_device_interface_id": null,
            "mac_address": null,
            "mgmtonly": null,
            "mode": null,
            "mtu": null,
            "name": "eth0",
            "parent_device_interface_id": null,
            "speed": null,
            "tagged_vlans": null,
            "tags": null,
            "type": "1000base-t",
            "untagged_vlan": null
          },
          "sensitive_attributes": [],
          "private": "bnVsbA==",
          "dependencies": [
            "netbox_device.switches",
            "netbox_device_role.switch_role",
            "netbox_device_type.fortiswitch",
            "netbox_manufacturer.fortinet",
            "netbox_site.new_site"
          ]
        },
        {
          "index_key": "ILDOC-TEST--09",
          "schema_version": 0,
          "attributes": {
            "description": null,
            "device_id": 3051,
            "enabled": true,
            "id": "3415",
            "label": null,
            "lag_device_interface_id": null,
            "mac_address": null,
            "mgmtonly": null,
            "mode": null,
            "mtu": null,
            "name": "eth0",
            "parent_device_interface_id": null,
            "speed": null,
            "tagged_vlans": null,
            "tags": null,
            "type": "1000base-t",
            "untagged_vlan": null
          },
          "sensitive_attributes": [],
          "private": "bnVsbA==",
          "dependencies": [
            "netbox_device.switches",
            "netbox_device_role.switch_role",
            "netbox_device_type.fortiswitch",
            "netbox_manufacturer.fortinet",
            "netbox_site.new_site"
          ]
        },
        {
          "index_key": "ILDOC-TEST--10",
          "schema_version": 0,
          "attributes": {
            "description": null,
            "device_id": 3048,
            "enabled": true,
            "id": "3416",
            "label": null,
            "lag_device_interface_id": null,
            "mac_address": null,
            "mgmtonly": null,
            "mode": null,
            "mtu": null,
            "name": "eth0",
            "parent_device_interface_id": null,
            "speed": null,
            "tagged_vlans": null,
            "tags": null,
            "type": "1000base-t",
            "untagged_vlan": null
          },
          "sensitive_attributes": [],
          "private": "bnVsbA==",
          "dependencies": [
            "netbox_device.switches",
            "netbox_device_role.switch_role",
            "netbox_device_type.fortiswitch",
            "netbox_manufacturer.fortinet",
            "netbox_site.new_site"
          ]
        },
        {
          "index_key": "ILDOC-TEST--11",
          "schema_version": 0,
          "attributes": {
            "description": null,
            "device_id": 3050,
            "enabled": true,
            "id": "3418",
            "label": null,
            "lag_device_interface_id": null,
            "mac_address": null,
            "mgmtonly": null,
            "mode": null,
            "mtu": null,
            "name": "eth0",
            "parent_device_interface_id": null,
            "speed": null,
            "tagged_vlans": null,
            "tags": null,
            "type": "1000base-t",
            "untagged_vlan": null
          },
          "sensitive_attributes": [],
          "private": "bnVsbA==",
          "dependencies": [
            "netbox_device.switches",
            "netbox_device_role.switch_role",
            "netbox_device_type.fortiswitch",
            "netbox_manufacturer.fortinet",
            "netbox_site.new_site"
          ]
        },
        {
          "index_key": "ILDOC-TEST--12",
          "schema_version": 0,
          "attributes": {
            "description": null,
            "device_id": 3049,
            "enabled": true,
            "id": "3421",
            "label": null,
            "lag_device_interface_id": null,
            "mac_address": null,
            "mgmtonly": null,
            "mode": null,
            "mtu": null,
            "name": "eth0",
            "parent_device_interface_id": null,
            "speed": null,
            "tagged_vlans": null,
            "tags": null,
            "type": "1000base-t",
            "untagged_vlan": null
          },
          "sensitive_attributes": [],
          "private": "bnVsbA==",
          "dependencies": [
            "netbox_device.switches",
            "netbox_device_role.switch_role",
            "netbox_device_type.fortiswitch",
            "netbox_manufacturer.fortinet",
            "netbox_site.new_site"
          ]
        }
      ]
    },
    {
      "mode": "managed",
      "type": "netbox_device_primary_ip",
      "name": "firewall_primary",
      "provider": "provider[\"registry.terraform.io/e-breuninger/netbox\"]",
      "instances": [
        {
          "schema_version": 0,
          "attributes": {
            "device_id": 2952,
            "id": "2952",
            "ip_address_id": 3408,
            "ip_address_version": 4
          },
          "sensitive_attributes": [],
          "private": "bnVsbA==",
          "dependencies": [
            "netbox_device.firewall",
            "netbox_device_interface.firewall_interface",
            "netbox_device_role.firewall_role",
            "netbox_device_type.fortigate",
            "netbox_ip_address.firewall_ip",
            "netbox_manufacturer.fortinet",
            "netbox_site.new_site"
          ]
        }
      ]
    },
    {
      "mode": "managed",
      "type": "netbox_device_primary_ip",
      "name": "switch_primary_ips",
      "provider": "provider[\"registry.terraform.io/e-breuninger/netbox\"]",
      "instances": [
        {
          "index_key": "ILDOC-TEST--01",
          "schema_version": 0,
          "attributes": {
            "device_id": 3052,
            "id": "3052",
            "ip_address_id": 3460,
            "ip_address_version": 4
          },
          "sensitive_attributes": [],
          "private": "bnVsbA==",
          "dependencies": [
            "netbox_device.switches",
            "netbox_device_interface.switch_interfaces",
            "netbox_device_role.switch_role",
            "netbox_device_type.fortiswitch",
            "netbox_ip_address.switch_ips",
            "netbox_manufacturer.fortinet",
            "netbox_site.new_site"
          ]
        },
        {
          "index_key": "ILDOC-TEST--02",
          "schema_version": 0,
          "attributes": {
            "device_id": 3059,
            "id": "3059",
            "ip_address_id": 3452,
            "ip_address_version": 4
          },
          "sensitive_attributes": [],
          "private": "bnVsbA==",
          "dependencies": [
            "netbox_device.switches",
            "netbox_device_interface.switch_interfaces",
            "netbox_device_role.switch_role",
            "netbox_device_type.fortiswitch",
            "netbox_ip_address.switch_ips",
            "netbox_manufacturer.fortinet",
            "netbox_site.new_site"
          ]
        },
        {
          "index_key": "ILDOC-TEST--03",
          "schema_version": 0,
          "attributes": {
            "device_id": 3057,
            "id": "3057",
            "ip_address_id": 3461,
            "ip_address_version": 4
          },
          "sensitive_attributes": [],
          "private": "bnVsbA==",
          "dependencies": [
            "netbox_device.switches",
            "netbox_device_interface.switch_interfaces",
            "netbox_device_role.switch_role",
            "netbox_device_type.fortiswitch",
            "netbox_ip_address.switch_ips",
            "netbox_manufacturer.fortinet",
            "netbox_site.new_site"
          ]
        },
        {
          "index_key": "ILDOC-TEST--04",
          "schema_version": 0,
          "attributes": {
            "device_id": 3053,
            "id": "3053",
            "ip_address_id": 3462,
            "ip_address_version": 4
          },
          "sensitive_attributes": [],
          "private": "bnVsbA==",
          "dependencies": [
            "netbox_device.switches",
            "netbox_device_interface.switch_interfaces",
            "netbox_device_role.switch_role",
            "netbox_device_type.fortiswitch",
            "netbox_ip_address.switch_ips",
            "netbox_manufacturer.fortinet",
            "netbox_site.new_site"
          ]
        },
        {
          "index_key": "ILDOC-TEST--05",
          "schema_version": 0,
          "attributes": {
            "device_id": 3056,
            "id": "3056",
            "ip_address_id": 3454,
            "ip_address_version": 4
          },
          "sensitive_attributes": [],
          "private": "bnVsbA==",
          "dependencies": [
            "netbox_device.switches",
            "netbox_device_interface.switch_interfaces",
            "netbox_device_role.switch_role",
            "netbox_device_type.fortiswitch",
            "netbox_ip_address.switch_ips",
            "netbox_manufacturer.fortinet",
            "netbox_site.new_site"
          ]
        },
        {
          "index_key": "ILDOC-TEST--06",
          "schema_version": 0,
          "attributes": {
            "device_id": 3055,
            "id": "3055",
            "ip_address_id": 3456,
            "ip_address_version": 4
          },
          "sensitive_attributes": [],
          "private": "bnVsbA==",
          "dependencies": [
            "netbox_device.switches",
            "netbox_device_interface.switch_interfaces",
            "netbox_device_role.switch_role",
            "netbox_device_type.fortiswitch",
            "netbox_ip_address.switch_ips",
            "netbox_manufacturer.fortinet",
            "netbox_site.new_site"
          ]
        },
        {
          "index_key": "ILDOC-TEST--07",
          "schema_version": 0,
          "attributes": {
            "device_id": 3054,
            "id": "3054",
            "ip_address_id": 3463,
            "ip_address_version": 4
          },
          "sensitive_attributes": [],
          "private": "bnVsbA==",
          "dependencies": [
            "netbox_device.switches",
            "netbox_device_interface.switch_interfaces",
            "netbox_device_role.switch_role",
            "netbox_device_type.fortiswitch",
            "netbox_ip_address.switch_ips",
            "netbox_manufacturer.fortinet",
            "netbox_site.new_site"
          ]
        },
        {
          "index_key": "ILDOC-TEST--08",
          "schema_version": 0,
          "attributes": {
            "device_id": 3058,
            "id": "3058",
            "ip_address_id": 3457,
            "ip_address_version": 4
          },
          "sensitive_attributes": [],
          "private": "bnVsbA==",
          "dependencies": [
            "netbox_device.switches",
            "netbox_device_interface.switch_interfaces",
            "netbox_device_role.switch_role",
            "netbox_device_type.fortiswitch",
            "netbox_ip_address.switch_ips",
            "netbox_manufacturer.fortinet",
            "netbox_site.new_site"
          ]
        },
        {
          "index_key": "ILDOC-TEST--09",
          "schema_version": 0,
          "attributes": {
            "device_id": 3051,
            "id": "3051",
            "ip_address_id": 3459,
            "ip_address_version": 4
          },
          "sensitive_attributes": [],
          "private": "bnVsbA==",
          "dependencies": [
            "netbox_device.switches",
            "netbox_device_interface.switch_interfaces",
            "netbox_device_role.switch_role",
            "netbox_device_type.fortiswitch",
            "netbox_ip_address.switch_ips",
            "netbox_manufacturer.fortinet",
            "netbox_site.new_site"
          ]
        },
        {
          "index_key": "ILDOC-TEST--10",
          "schema_version": 0,
          "attributes": {
            "device_id": 3048,
            "id": "3048",
            "ip_address_id": 3458,
            "ip_address_version": 4
          },
          "sensitive_attributes": [],
          "private": "bnVsbA==",
          "dependencies": [
            "netbox_device.switches",
            "netbox_device_interface.switch_interfaces",
            "netbox_device_role.switch_role",
            "netbox_device_type.fortiswitch",
            "netbox_ip_address.switch_ips",
            "netbox_manufacturer.fortinet",
            "netbox_site.new_site"
          ]
        },
        {
          "index_key": "ILDOC-TEST--11",
          "schema_version": 0,
          "attributes": {
            "device_id": 3050,
            "id": "3050",
            "ip_address_id": 3453,
            "ip_address_version": 4
          },
          "sensitive_attributes": [],
          "private": "bnVsbA==",
          "dependencies": [
            "netbox_device.switches",
            "netbox_device_interface.switch_interfaces",
            "netbox_device_role.switch_role",
            "netbox_device_type.fortiswitch",
            "netbox_ip_address.switch_ips",
            "netbox_manufacturer.fortinet",
            "netbox_site.new_site"
          ]
        },
        {
          "index_key": "ILDOC-TEST--12",
          "schema_version": 0,
          "attributes": {
            "device_id": 3049,
            "id": "3049",
            "ip_address_id": 3455,
            "ip_address_version": 4
          },
          "sensitive_attributes": [],
          "private": "bnVsbA==",
          "dependencies": [
            "netbox_device.switches",
            "netbox_device_interface.switch_interfaces",
            "netbox_device_role.switch_role",
            "netbox_device_type.fortiswitch",
            "netbox_ip_address.switch_ips",
            "netbox_manufacturer.fortinet",
            "netbox_site.new_site"
          ]
        }
      ]
    },
    {
      "mode": "managed",
      "type": "netbox_device_role",
      "name": "ap_role",
      "provider": "provider[\"registry.terraform.io/e-breuninger/netbox\"]",
      "instances": [
        {
          "schema_version": 0,
          "attributes": {
            "color_hex": "00ff00",
            "description": "",
            "id": "8",
            "name": "Access Point",
            "slug": "access-point",
            "tags": [],
            "vm_role": true
          },
          "sensitive_attributes": [],
          "private": "bnVsbA=="
        }
      ]
    },
    {
      "mode": "managed",
      "type": "netbox_device_role",
      "name": "firewall_role",
      "provider": "provider[\"registry.terraform.io/e-breuninger/netbox\"]",
      "instances": [
        {
          "schema_version": 0,
          "attributes": {
            "color_hex": "00ff00",
            "description": "",
            "id": "3",
            "name": "Firewall",
            "slug": "firewall",
            "tags": [],
            "vm_role": true
          },
          "sensitive_attributes": [],
          "private": "bnVsbA=="
        }
      ]
    },
    {
      "mode": "managed",
      "type": "netbox_device_role",
      "name": "switch_role",
      "provider": "provider[\"registry.terraform.io/e-breuninger/netbox\"]",
      "instances": [
        {
          "schema_version": 0,
          "attributes": {
            "color_hex": "00ff00",
            "description": "",
            "id": "4",
            "name": "Switch",
            "slug": "switch",
            "tags": [],
            "vm_role": true
          },
          "sensitive_attributes": [],
          "private": "bnVsbA=="
        }
      ]
    },
    {
      "mode": "managed",
      "type": "netbox_device_type",
      "name": "fortiap",
      "provider": "provider[\"registry.terraform.io/e-breuninger/netbox\"]",
      "instances": [
        {
          "schema_version": 0,
          "attributes": {
            "id": "23",
            "is_full_depth": false,
            "manufacturer_id": 4,
            "model": "FortiAP",
            "part_number": "",
            "slug": "fortiap",
            "tags": [],
            "u_height": 1
          },
          "sensitive_attributes": [],
          "private": "bnVsbA==",
          "dependencies": [
            "netbox_manufacturer.fortinet"
          ]
        }
      ]
    },
    {
      "mode": "managed",
      "type": "netbox_device_type",
      "name": "fortigate",
      "provider": "provider[\"registry.terraform.io/e-breuninger/netbox\"]",
      "instances": [
        {
          "schema_version": 0,
          "attributes": {
            "id": "22",
            "is_full_depth": false,
            "manufacturer_id": 4,
            "model": "FortiGate",
            "part_number": "",
            "slug": "fortigate",
            "tags": [],
            "u_height": 1
          },
          "sensitive_attributes": [],
          "private": "bnVsbA==",
          "dependencies": [
            "netbox_manufacturer.fortinet"
          ]
        }
      ]
    },
    {
      "mode": "managed",
      "type": "netbox_device_type",
      "name": "fortiswitch",
      "provider": "provider[\"registry.terraform.io/e-breuninger/netbox\"]",
      "instances": [
        {
          "schema_version": 0,
          "attributes": {
            "id": "21",
            "is_full_depth": false,
            "manufacturer_id": 4,
            "model": "FortiSwitch",
            "part_number": "",
            "slug": "fortiswitch",
            "tags": [],
            "u_height": 1
          },
          "sensitive_attributes": [],
          "private": "bnVsbA==",
          "dependencies": [
            "netbox_manufacturer.fortinet"
          ]
        }
      ]
    },
    {
      "mode": "managed",
      "type": "netbox_ip_address",
      "name": "circuit_ip",
      "provider": "provider[\"registry.terraform.io/e-breuninger/netbox\"]",
      "instances": [
        {
          "schema_version": 0,
          "attributes": {
            "custom_fields": null,
            "description": "Circuit IP for ILDOC Testing",
            "device_interface_id": null,
            "dns_name": null,
            "id": "3412",
            "interface_id": 0,
            "ip_address": "30.20.10.4/32",
            "nat_inside_address_id": 0,
            "nat_outside_addresses": [],
            "object_type": "",
            "role": "",
            "status": "active",
            "tags": [],
            "tenant_id": 0,
            "virtual_machine_interface_id": null,
            "vrf_id": 0
          },
          "sensitive_attributes": [],
          "private": "bnVsbA=="
        }
      ]
    },
    {
      "mode": "managed",
      "type": "netbox_ip_address",
      "name": "firewall_ip",
      "provider": "provider[\"registry.terraform.io/e-breuninger/netbox\"]",
      "instances": [
        {
          "schema_version": 0,
          "attributes": {
            "custom_fields": null,
            "description": "Firewall IP for ILDOC Testing",
            "device_interface_id": 3372,
            "dns_name": null,
            "id": "3408",
            "interface_id": null,
            "ip_address": "30.20.10.5/32",
            "nat_inside_address_id": 0,
            "nat_outside_addresses": [],
            "object_type": null,
            "role": "",
            "status": "active",
            "tags": [],
            "tenant_id": 0,
            "virtual_machine_interface_id": null,
            "vrf_id": 0
          },
          "sensitive_attributes": [],
          "private": "bnVsbA==",
          "dependencies": [
            "netbox_device.firewall",
            "netbox_device_interface.firewall_interface",
            "netbox_device_role.firewall_role",
            "netbox_device_type.fortigate",
            "netbox_manufacturer.fortinet",
            "netbox_site.new_site"
          ]
        }
      ]
    },
    {
      "mode": "managed",
      "type": "netbox_ip_address",
      "name": "gateway_ip",
      "provider": "provider[\"registry.terraform.io/e-breuninger/netbox\"]",
      "instances": [
        {
          "schema_version": 0,
          "attributes": {
            "custom_fields": null,
            "description": "Gateway IP for ILDOC Testing",
            "device_interface_id": null,
            "dns_name": null,
            "id": "3398",
            "interface_id": 0,
            "ip_address": "30.20.10.3/32",
            "nat_inside_address_id": 0,
            "nat_outside_addresses": [],
            "object_type": "",
            "role": "",
            "status": "active",
            "tags": [],
            "tenant_id": 0,
            "virtual_machine_interface_id": null,
            "vrf_id": 0
          },
          "sensitive_attributes": [],
          "private": "bnVsbA=="
        }
      ]
    },
    {
      "mode": "managed",
      "type": "netbox_ip_address",
      "name": "switch_ips",
      "provider": "provider[\"registry.terraform.io/e-breuninger/netbox\"]",
      "instances": [
        {
          "index_key": "ILDOC-TEST--01",
          "schema_version": 0,
          "attributes": {
            "custom_fields": null,
            "description": "IP address for ILDOC-TEST--01",
            "device_interface_id": null,
            "dns_name": null,
            "id": "3460",
            "interface_id": 3413,
            "ip_address": "17.30.20.4/32",
            "nat_inside_address_id": 0,
            "nat_outside_addresses": [],
            "object_type": "dcim.interface",
            "role": "",
            "status": "active",
            "tags": null,
            "tenant_id": 0,
            "virtual_machine_interface_id": null,
            "vrf_id": 0
          },
          "sensitive_attributes": [],
          "private": "bnVsbA==",
          "dependencies": [
            "netbox_device.switches",
            "netbox_device_interface.switch_interfaces",
            "netbox_device_role.switch_role",
            "netbox_device_type.fortiswitch",
            "netbox_manufacturer.fortinet",
            "netbox_site.new_site"
          ]
        },
        {
          "index_key": "ILDOC-TEST--02",
          "schema_version": 0,
          "attributes": {
            "custom_fields": null,
            "description": "IP address for ILDOC-TEST--02",
            "device_interface_id": null,
            "dns_name": null,
            "id": "3452",
            "interface_id": 3422,
            "ip_address": "17.30.20.5/32",
            "nat_inside_address_id": 0,
            "nat_outside_addresses": [],
            "object_type": "dcim.interface",
            "role": "",
            "status": "active",
            "tags": null,
            "tenant_id": 0,
            "virtual_machine_interface_id": null,
            "vrf_id": 0
          },
          "sensitive_attributes": [],
          "private": "bnVsbA==",
          "dependencies": [
            "netbox_device.switches",
            "netbox_device_interface.switch_interfaces",
            "netbox_device_role.switch_role",
            "netbox_device_type.fortiswitch",
            "netbox_manufacturer.fortinet",
            "netbox_site.new_site"
          ]
        },
        {
          "index_key": "ILDOC-TEST--03",
          "schema_version": 0,
          "attributes": {
            "custom_fields": null,
            "description": "IP address for ILDOC-TEST--03",
            "device_interface_id": null,
            "dns_name": null,
            "id": "3461",
            "interface_id": 3414,
            "ip_address": "17.30.20.6/32",
            "nat_inside_address_id": 0,
            "nat_outside_addresses": [],
            "object_type": "dcim.interface",
            "role": "",
            "status": "active",
            "tags": null,
            "tenant_id": 0,
            "virtual_machine_interface_id": null,
            "vrf_id": 0
          },
          "sensitive_attributes": [],
          "private": "bnVsbA==",
          "dependencies": [
            "netbox_device.switches",
            "netbox_device_interface.switch_interfaces",
            "netbox_device_role.switch_role",
            "netbox_device_type.fortiswitch",
            "netbox_manufacturer.fortinet",
            "netbox_site.new_site"
          ]
        },
        {
          "index_key": "ILDOC-TEST--04",
          "schema_version": 0,
          "attributes": {
            "custom_fields": null,
            "description": "IP address for ILDOC-TEST--04",
            "device_interface_id": null,
            "dns_name": null,
            "id": "3462",
            "interface_id": 3420,
            "ip_address": "17.30.20.7/32",
            "nat_inside_address_id": 0,
            "nat_outside_addresses": [],
            "object_type": "dcim.interface",
            "role": "",
            "status": "active",
            "tags": null,
            "tenant_id": 0,
            "virtual_machine_interface_id": null,
            "vrf_id": 0
          },
          "sensitive_attributes": [],
          "private": "bnVsbA==",
          "dependencies": [
            "netbox_device.switches",
            "netbox_device_interface.switch_interfaces",
            "netbox_device_role.switch_role",
            "netbox_device_type.fortiswitch",
            "netbox_manufacturer.fortinet",
            "netbox_site.new_site"
          ]
        },
        {
          "index_key": "ILDOC-TEST--05",
          "schema_version": 0,
          "attributes": {
            "custom_fields": null,
            "description": "IP address for ILDOC-TEST--05",
            "device_interface_id": null,
            "dns_name": null,
            "id": "3454",
            "interface_id": 3417,
            "ip_address": "17.30.20.8/32",
            "nat_inside_address_id": 0,
            "nat_outside_addresses": [],
            "object_type": "dcim.interface",
            "role": "",
            "status": "active",
            "tags": null,
            "tenant_id": 0,
            "virtual_machine_interface_id": null,
            "vrf_id": 0
          },
          "sensitive_attributes": [],
          "private": "bnVsbA==",
          "dependencies": [
            "netbox_device.switches",
            "netbox_device_interface.switch_interfaces",
            "netbox_device_role.switch_role",
            "netbox_device_type.fortiswitch",
            "netbox_manufacturer.fortinet",
            "netbox_site.new_site"
          ]
        },
        {
          "index_key": "ILDOC-TEST--06",
          "schema_version": 0,
          "attributes": {
            "custom_fields": null,
            "description": "IP address for ILDOC-TEST--06",
            "device_interface_id": null,
            "dns_name": null,
            "id": "3456",
            "interface_id": 3423,
            "ip_address": "17.30.20.11/32",
            "nat_inside_address_id": 0,
            "nat_outside_addresses": [],
            "object_type": "dcim.interface",
            "role": "",
            "status": "active",
            "tags": null,
            "tenant_id": 0,
            "virtual_machine_interface_id": null,
            "vrf_id": 0
          },
          "sensitive_attributes": [],
          "private": "bnVsbA==",
          "dependencies": [
            "netbox_device.switches",
            "netbox_device_interface.switch_interfaces",
            "netbox_device_role.switch_role",
            "netbox_device_type.fortiswitch",
            "netbox_manufacturer.fortinet",
            "netbox_site.new_site"
          ]
        },
        {
          "index_key": "ILDOC-TEST--07",
          "schema_version": 0,
          "attributes": {
            "custom_fields": null,
            "description": "IP address for ILDOC-TEST--07",
            "device_interface_id": null,
            "dns_name": null,
            "id": "3463",
            "interface_id": 3412,
            "ip_address": "17.30.20.12/32",
            "nat_inside_address_id": 0,
            "nat_outside_addresses": [],
            "object_type": "dcim.interface",
            "role": "",
            "status": "active",
            "tags": null,
            "tenant_id": 0,
            "virtual_machine_interface_id": null,
            "vrf_id": 0
          },
          "sensitive_attributes": [],
          "private": "bnVsbA==",
          "dependencies": [
            "netbox_device.switches",
            "netbox_device_interface.switch_interfaces",
            "netbox_device_role.switch_role",
            "netbox_device_type.fortiswitch",
            "netbox_manufacturer.fortinet",
            "netbox_site.new_site"
          ]
        },
        {
          "index_key": "ILDOC-TEST--08",
          "schema_version": 0,
          "attributes": {
            "custom_fields": null,
            "description": "IP address for ILDOC-TEST--08",
            "device_interface_id": null,
            "dns_name": null,
            "id": "3457",
            "interface_id": 3419,
            "ip_address": "17.30.20.13/32",
            "nat_inside_address_id": 0,
            "nat_outside_addresses": [],
            "object_type": "dcim.interface",
            "role": "",
            "status": "active",
            "tags": null,
            "tenant_id": 0,
            "virtual_machine_interface_id": null,
            "vrf_id": 0
          },
          "sensitive_attributes": [],
          "private": "bnVsbA==",
          "dependencies": [
            "netbox_device.switches",
            "netbox_device_interface.switch_interfaces",
            "netbox_device_role.switch_role",
            "netbox_device_type.fortiswitch",
            "netbox_manufacturer.fortinet",
            "netbox_site.new_site"
          ]
        },
        {
          "index_key": "ILDOC-TEST--09",
          "schema_version": 0,
          "attributes": {
            "custom_fields": null,
            "description": "IP address for ILDOC-TEST--09",
            "device_interface_id": null,
            "dns_name": null,
            "id": "3459",
            "interface_id": 3415,
            "ip_address": "17.30.20.14/32",
            "nat_inside_address_id": 0,
            "nat_outside_addresses": [],
            "object_type": "dcim.interface",
            "role": "",
            "status": "active",
            "tags": null,
            "tenant_id": 0,
            "virtual_machine_interface_id": null,
            "vrf_id": 0
          },
          "sensitive_attributes": [],
          "private": "bnVsbA==",
          "dependencies": [
            "netbox_device.switches",
            "netbox_device_interface.switch_interfaces",
            "netbox_device_role.switch_role",
            "netbox_device_type.fortiswitch",
            "netbox_manufacturer.fortinet",
            "netbox_site.new_site"
          ]
        },
        {
          "index_key": "ILDOC-TEST--10",
          "schema_version": 0,
          "attributes": {
            "custom_fields": null,
            "description": "IP address for ILDOC-TEST--10",
            "device_interface_id": null,
            "dns_name": null,
            "id": "3458",
            "interface_id": 3416,
            "ip_address": "17.30.20.15/32",
            "nat_inside_address_id": 0,
            "nat_outside_addresses": [],
            "object_type": "dcim.interface",
            "role": "",
            "status": "active",
            "tags": null,
            "tenant_id": 0,
            "virtual_machine_interface_id": null,
            "vrf_id": 0
          },
          "sensitive_attributes": [],
          "private": "bnVsbA==",
          "dependencies": [
            "netbox_device.switches",
            "netbox_device_interface.switch_interfaces",
            "netbox_device_role.switch_role",
            "netbox_device_type.fortiswitch",
            "netbox_manufacturer.fortinet",
            "netbox_site.new_site"
          ]
        },
        {
          "index_key": "ILDOC-TEST--11",
          "schema_version": 0,
          "attributes": {
            "custom_fields": null,
            "description": "IP address for ILDOC-TEST--11",
            "device_interface_id": null,
            "dns_name": null,
            "id": "3453",
            "interface_id": 3418,
            "ip_address": "17.30.20.16/32",
            "nat_inside_address_id": 0,
            "nat_outside_addresses": [],
            "object_type": "dcim.interface",
            "role": "",
            "status": "active",
            "tags": null,
            "tenant_id": 0,
            "virtual_machine_interface_id": null,
            "vrf_id": 0
          },
          "sensitive_attributes": [],
          "private": "bnVsbA==",
          "dependencies": [
            "netbox_device.switches",
            "netbox_device_interface.switch_interfaces",
            "netbox_device_role.switch_role",
            "netbox_device_type.fortiswitch",
            "netbox_manufacturer.fortinet",
            "netbox_site.new_site"
          ]
        },
        {
          "index_key": "ILDOC-TEST--12",
          "schema_version": 0,
          "attributes": {
            "custom_fields": null,
            "description": "IP address for ILDOC-TEST--12",
            "device_interface_id": null,
            "dns_name": null,
            "id": "3455",
            "interface_id": 3421,
            "ip_address": "17.30.20.17/32",
            "nat_inside_address_id": 0,
            "nat_outside_addresses": [],
            "object_type": "dcim.interface",
            "role": "",
            "status": "active",
            "tags": null,
            "tenant_id": 0,
            "virtual_machine_interface_id": null,
            "vrf_id": 0
          },
          "sensitive_attributes": [],
          "private": "bnVsbA==",
          "dependencies": [
            "netbox_device.switches",
            "netbox_device_interface.switch_interfaces",
            "netbox_device_role.switch_role",
            "netbox_device_type.fortiswitch",
            "netbox_manufacturer.fortinet",
            "netbox_site.new_site"
          ]
        }
      ]
    },
    {
      "mode": "managed",
      "type": "netbox_manufacturer",
      "name": "fortinet",
      "provider": "provider[\"registry.terraform.io/e-breuninger/netbox\"]",
      "instances": [
        {
          "schema_version": 0,
          "attributes": {
            "id": "4",
            "name": "Fortinet",
            "slug": "fortinet"
          },
          "sensitive_attributes": [],
          "private": "bnVsbA=="
        }
      ]
    },
    {
      "mode": "managed",
      "type": "netbox_site",
      "name": "new_site",
      "provider": "provider[\"registry.terraform.io/e-breuninger/netbox\"]",
      "instances": [
        {
          "schema_version": 0,
          "attributes": {
            "asn_ids": [],
            "custom_fields": null,
            "description": "New site added via Terraform",
            "facility": "",
            "group_id": 0,
            "id": "463",
            "latitude": 0,
            "longitude": 0,
            "name": "ILDOC Testing",
            "physical_address": "",
            "region_id": 0,
            "shipping_address": "",
            "slug": "ildoc-testing",
            "status": "active",
            "tags": [],
            "tenant_id": 0,
            "timezone": ""
          },
          "sensitive_attributes": [],
          "private": "bnVsbA=="
        }
      ]
    },
    {
      "mode": "managed",
      "type": "zabbix_host",
      "name": "firewall",
      "provider": "provider[\"registry.terraform.io/tpretz/zabbix\"]",
      "instances": [
        {
          "schema_version": 0,
          "attributes": {
            "enabled": true,
            "groups": [
              "2"
            ],
            "host": "firewall-ILDOC Testing",
            "id": "12711",
            "interface": [
              {
                "dns": "",
                "id": "1128",
                "ip": "30.20.10.5",
                "main": true,
                "port": 161,
                "snmp3_authpassphrase": "{$SNMP3_AUTHPASSPHRASE}",
                "snmp3_authprotocol": "sha",
                "snmp3_contextname": "{$SNMP3_CONTEXTNAME}",
                "snmp3_privpassphrase": "{$SNMP3_PRIVPASSPHRASE}",
                "snmp3_privprotocol": "aes",
                "snmp3_securitylevel": "authpriv",
                "snmp3_securityname": "{$SNMP3_SECURITYNAME}",
                "snmp_bulk": true,
                "snmp_community": "{$SNMP_COMMUNITY}",
                "snmp_version": "2",
                "type": "snmp"
              }
            ],
            "inventory": [],
            "inventory_mode": "disabled",
            "macro": [
              {
                "id": "",
                "name": "{$SNMP_COMMUNITY}",
                "value": "your_snmp_community"
              }
            ],
            "name": "firewall-ILDOC Testing",
            "proxyid": "",
            "tag": [],
            "templates": [
              "10604"
            ]
          },
          "sensitive_attributes": [
            [
              {
                "type": "get_attr",
                "value": "macro"
              },
              {
                "type": "index",
                "value": {
                  "value": 0,
                  "type": "number"
                }
              },
              {
                "type": "get_attr",
                "value": "value"
              }
            ]
          ],
          "private": "bnVsbA==",
          "dependencies": [
            "netbox_device.firewall",
            "netbox_device_role.firewall_role",
            "netbox_device_type.fortigate",
            "netbox_manufacturer.fortinet",
            "netbox_site.new_site"
          ]
        }
      ]
    },
    {
      "mode": "managed",
      "type": "zabbix_host",
      "name": "switches",
      "provider": "provider[\"registry.terraform.io/tpretz/zabbix\"]",
      "instances": [
        {
          "index_key": "ILDOC-TEST--01",
          "schema_version": 0,
          "attributes": {
            "enabled": true,
            "groups": [
              "2"
            ],
            "host": "ILDOC-TEST--01",
            "id": "12728",
            "interface": [
              {
                "dns": "",
                "id": "1144",
                "ip": "17.30.20.4",
                "main": true,
                "port": 161,
                "snmp3_authpassphrase": "{$SNMP3_AUTHPASSPHRASE}",
                "snmp3_authprotocol": "sha",
                "snmp3_contextname": "{$SNMP3_CONTEXTNAME}",
                "snmp3_privpassphrase": "{$SNMP3_PRIVPASSPHRASE}",
                "snmp3_privprotocol": "aes",
                "snmp3_securitylevel": "authpriv",
                "snmp3_securityname": "{$SNMP3_SECURITYNAME}",
                "snmp_bulk": true,
                "snmp_community": "{$SNMP_COMMUNITY}",
                "snmp_version": "2",
                "type": "snmp"
              }
            ],
            "inventory": [],
            "inventory_mode": "disabled",
            "macro": [
              {
                "id": "",
                "name": "{$SNMP_COMMUNITY}",
                "value": "your_snmp_community"
              }
            ],
            "name": "ILDOC-TEST--01",
            "proxyid": "",
            "tag": [],
            "templates": null
          },
          "sensitive_attributes": [
            [
              {
                "type": "get_attr",
                "value": "macro"
              },
              {
                "type": "index",
                "value": {
                  "value": 0,
                  "type": "number"
                }
              },
              {
                "type": "get_attr",
                "value": "value"
              }
            ]
          ],
          "private": "bnVsbA=="
        },
        {
          "index_key": "ILDOC-TEST--02",
          "schema_version": 0,
          "attributes": {
            "enabled": true,
            "groups": [
              "2"
            ],
            "host": "ILDOC-TEST--02",
            "id": "12734",
            "interface": [
              {
                "dns": "",
                "id": "1150",
                "ip": "17.30.20.5",
                "main": true,
                "port": 161,
                "snmp3_authpassphrase": "{$SNMP3_AUTHPASSPHRASE}",
                "snmp3_authprotocol": "sha",
                "snmp3_contextname": "{$SNMP3_CONTEXTNAME}",
                "snmp3_privpassphrase": "{$SNMP3_PRIVPASSPHRASE}",
                "snmp3_privprotocol": "aes",
                "snmp3_securitylevel": "authpriv",
                "snmp3_securityname": "{$SNMP3_SECURITYNAME}",
                "snmp_bulk": true,
                "snmp_community": "{$SNMP_COMMUNITY}",
                "snmp_version": "2",
                "type": "snmp"
              }
            ],
            "inventory": [],
            "inventory_mode": "disabled",
            "macro": [
              {
                "id": "",
                "name": "{$SNMP_COMMUNITY}",
                "value": "your_snmp_community"
              }
            ],
            "name": "ILDOC-TEST--02",
            "proxyid": "",
            "tag": [],
            "templates": null
          },
          "sensitive_attributes": [
            [
              {
                "type": "get_attr",
                "value": "macro"
              },
              {
                "type": "index",
                "value": {
                  "value": 0,
                  "type": "number"
                }
              },
              {
                "type": "get_attr",
                "value": "value"
              }
            ]
          ],
          "private": "bnVsbA=="
        },
        {
          "index_key": "ILDOC-TEST--03",
          "schema_version": 0,
          "attributes": {
            "enabled": true,
            "groups": [
              "2"
            ],
            "host": "ILDOC-TEST--03",
            "id": "12727",
            "interface": [
              {
                "dns": "",
                "id": "1143",
                "ip": "17.30.20.6",
                "main": true,
                "port": 161,
                "snmp3_authpassphrase": "{$SNMP3_AUTHPASSPHRASE}",
                "snmp3_authprotocol": "sha",
                "snmp3_contextname": "{$SNMP3_CONTEXTNAME}",
                "snmp3_privpassphrase": "{$SNMP3_PRIVPASSPHRASE}",
                "snmp3_privprotocol": "aes",
                "snmp3_securitylevel": "authpriv",
                "snmp3_securityname": "{$SNMP3_SECURITYNAME}",
                "snmp_bulk": true,
                "snmp_community": "{$SNMP_COMMUNITY}",
                "snmp_version": "2",
                "type": "snmp"
              }
            ],
            "inventory": [],
            "inventory_mode": "disabled",
            "macro": [
              {
                "id": "",
                "name": "{$SNMP_COMMUNITY}",
                "value": "your_snmp_community"
              }
            ],
            "name": "ILDOC-TEST--03",
            "proxyid": "",
            "tag": [],
            "templates": null
          },
          "sensitive_attributes": [
            [
              {
                "type": "get_attr",
                "value": "macro"
              },
              {
                "type": "index",
                "value": {
                  "value": 0,
                  "type": "number"
                }
              },
              {
                "type": "get_attr",
                "value": "value"
              }
            ]
          ],
          "private": "bnVsbA=="
        },
        {
          "index_key": "ILDOC-TEST--04",
          "schema_version": 0,
          "attributes": {
            "enabled": true,
            "groups": [
              "2"
            ],
            "host": "ILDOC-TEST--04",
            "id": "12733",
            "interface": [
              {
                "dns": "",
                "id": "1149",
                "ip": "17.30.20.7",
                "main": true,
                "port": 161,
                "snmp3_authpassphrase": "{$SNMP3_AUTHPASSPHRASE}",
                "snmp3_authprotocol": "sha",
                "snmp3_contextname": "{$SNMP3_CONTEXTNAME}",
                "snmp3_privpassphrase": "{$SNMP3_PRIVPASSPHRASE}",
                "snmp3_privprotocol": "aes",
                "snmp3_securitylevel": "authpriv",
                "snmp3_securityname": "{$SNMP3_SECURITYNAME}",
                "snmp_bulk": true,
                "snmp_community": "{$SNMP_COMMUNITY}",
                "snmp_version": "2",
                "type": "snmp"
              }
            ],
            "inventory": [],
            "inventory_mode": "disabled",
            "macro": [
              {
                "id": "",
                "name": "{$SNMP_COMMUNITY}",
                "value": "your_snmp_community"
              }
            ],
            "name": "ILDOC-TEST--04",
            "proxyid": "",
            "tag": [],
            "templates": null
          },
          "sensitive_attributes": [
            [
              {
                "type": "get_attr",
                "value": "macro"
              },
              {
                "type": "index",
                "value": {
                  "value": 0,
                  "type": "number"
                }
              },
              {
                "type": "get_attr",
                "value": "value"
              }
            ]
          ],
          "private": "bnVsbA=="
        },
        {
          "index_key": "ILDOC-TEST--05",
          "schema_version": 0,
          "attributes": {
            "enabled": true,
            "groups": [
              "2"
            ],
            "host": "ILDOC-TEST--05",
            "id": "12730",
            "interface": [
              {
                "dns": "",
                "id": "1146",
                "ip": "17.30.20.8",
                "main": true,
                "port": 161,
                "snmp3_authpassphrase": "{$SNMP3_AUTHPASSPHRASE}",
                "snmp3_authprotocol": "sha",
                "snmp3_contextname": "{$SNMP3_CONTEXTNAME}",
                "snmp3_privpassphrase": "{$SNMP3_PRIVPASSPHRASE}",
                "snmp3_privprotocol": "aes",
                "snmp3_securitylevel": "authpriv",
                "snmp3_securityname": "{$SNMP3_SECURITYNAME}",
                "snmp_bulk": true,
                "snmp_community": "{$SNMP_COMMUNITY}",
                "snmp_version": "2",
                "type": "snmp"
              }
            ],
            "inventory": [],
            "inventory_mode": "disabled",
            "macro": [
              {
                "id": "",
                "name": "{$SNMP_COMMUNITY}",
                "value": "your_snmp_community"
              }
            ],
            "name": "ILDOC-TEST--05",
            "proxyid": "",
            "tag": [],
            "templates": null
          },
          "sensitive_attributes": [
            [
              {
                "type": "get_attr",
                "value": "macro"
              },
              {
                "type": "index",
                "value": {
                  "value": 0,
                  "type": "number"
                }
              },
              {
                "type": "get_attr",
                "value": "value"
              }
            ]
          ],
          "private": "bnVsbA=="
        },
        {
          "index_key": "ILDOC-TEST--06",
          "schema_version": 0,
          "attributes": {
            "enabled": true,
            "groups": [
              "2"
            ],
            "host": "ILDOC-TEST--06",
            "id": "12729",
            "interface": [
              {
                "dns": "",
                "id": "1145",
                "ip": "17.30.20.11",
                "main": true,
                "port": 161,
                "snmp3_authpassphrase": "{$SNMP3_AUTHPASSPHRASE}",
                "snmp3_authprotocol": "sha",
                "snmp3_contextname": "{$SNMP3_CONTEXTNAME}",
                "snmp3_privpassphrase": "{$SNMP3_PRIVPASSPHRASE}",
                "snmp3_privprotocol": "aes",
                "snmp3_securitylevel": "authpriv",
                "snmp3_securityname": "{$SNMP3_SECURITYNAME}",
                "snmp_bulk": true,
                "snmp_community": "{$SNMP_COMMUNITY}",
                "snmp_version": "2",
                "type": "snmp"
              }
            ],
            "inventory": [],
            "inventory_mode": "disabled",
            "macro": [
              {
                "id": "",
                "name": "{$SNMP_COMMUNITY}",
                "value": "your_snmp_community"
              }
            ],
            "name": "ILDOC-TEST--06",
            "proxyid": "",
            "tag": [],
            "templates": null
          },
          "sensitive_attributes": [
            [
              {
                "type": "get_attr",
                "value": "macro"
              },
              {
                "type": "index",
                "value": {
                  "value": 0,
                  "type": "number"
                }
              },
              {
                "type": "get_attr",
                "value": "value"
              }
            ]
          ],
          "private": "bnVsbA=="
        },
        {
          "index_key": "ILDOC-TEST--07",
          "schema_version": 0,
          "attributes": {
            "enabled": true,
            "groups": [
              "2"
            ],
            "host": "ILDOC-TEST--07",
            "id": "12726",
            "interface": [
              {
                "dns": "",
                "id": "1142",
                "ip": "17.30.20.12",
                "main": true,
                "port": 161,
                "snmp3_authpassphrase": "{$SNMP3_AUTHPASSPHRASE}",
                "snmp3_authprotocol": "sha",
                "snmp3_contextname": "{$SNMP3_CONTEXTNAME}",
                "snmp3_privpassphrase": "{$SNMP3_PRIVPASSPHRASE}",
                "snmp3_privprotocol": "aes",
                "snmp3_securitylevel": "authpriv",
                "snmp3_securityname": "{$SNMP3_SECURITYNAME}",
                "snmp_bulk": true,
                "snmp_community": "{$SNMP_COMMUNITY}",
                "snmp_version": "2",
                "type": "snmp"
              }
            ],
            "inventory": [],
            "inventory_mode": "disabled",
            "macro": [
              {
                "id": "",
                "name": "{$SNMP_COMMUNITY}",
                "value": "your_snmp_community"
              }
            ],
            "name": "ILDOC-TEST--07",
            "proxyid": "",
            "tag": [],
            "templates": null
          },
          "sensitive_attributes": [
            [
              {
                "type": "get_attr",
                "value": "macro"
              },
              {
                "type": "index",
                "value": {
                  "value": 0,
                  "type": "number"
                }
              },
              {
                "type": "get_attr",
                "value": "value"
              }
            ]
          ],
          "private": "bnVsbA=="
        },
        {
          "index_key": "ILDOC-TEST--08",
          "schema_version": 0,
          "attributes": {
            "enabled": true,
            "groups": [
              "2"
            ],
            "host": "ILDOC-TEST--08",
            "id": "12735",
            "interface": [
              {
                "dns": "",
                "id": "1151",
                "ip": "17.30.20.13",
                "main": true,
                "port": 161,
                "snmp3_authpassphrase": "{$SNMP3_AUTHPASSPHRASE}",
                "snmp3_authprotocol": "sha",
                "snmp3_contextname": "{$SNMP3_CONTEXTNAME}",
                "snmp3_privpassphrase": "{$SNMP3_PRIVPASSPHRASE}",
                "snmp3_privprotocol": "aes",
                "snmp3_securitylevel": "authpriv",
                "snmp3_securityname": "{$SNMP3_SECURITYNAME}",
                "snmp_bulk": true,
                "snmp_community": "{$SNMP_COMMUNITY}",
                "snmp_version": "2",
                "type": "snmp"
              }
            ],
            "inventory": [],
            "inventory_mode": "disabled",
            "macro": [
              {
                "id": "",
                "name": "{$SNMP_COMMUNITY}",
                "value": "your_snmp_community"
              }
            ],
            "name": "ILDOC-TEST--08",
            "proxyid": "",
            "tag": [],
            "templates": null
          },
          "sensitive_attributes": [
            [
              {
                "type": "get_attr",
                "value": "macro"
              },
              {
                "type": "index",
                "value": {
                  "value": 0,
                  "type": "number"
                }
              },
              {
                "type": "get_attr",
                "value": "value"
              }
            ]
          ],
          "private": "bnVsbA=="
        },
        {
          "index_key": "ILDOC-TEST--09",
          "schema_version": 0,
          "attributes": {
            "enabled": true,
            "groups": [
              "2"
            ],
            "host": "ILDOC-TEST--09",
            "id": "12736",
            "interface": [
              {
                "dns": "",
                "id": "1152",
                "ip": "17.30.20.14",
                "main": true,
                "port": 161,
                "snmp3_authpassphrase": "{$SNMP3_AUTHPASSPHRASE}",
                "snmp3_authprotocol": "sha",
                "snmp3_contextname": "{$SNMP3_CONTEXTNAME}",
                "snmp3_privpassphrase": "{$SNMP3_PRIVPASSPHRASE}",
                "snmp3_privprotocol": "aes",
                "snmp3_securitylevel": "authpriv",
                "snmp3_securityname": "{$SNMP3_SECURITYNAME}",
                "snmp_bulk": true,
                "snmp_community": "{$SNMP_COMMUNITY}",
                "snmp_version": "2",
                "type": "snmp"
              }
            ],
            "inventory": [],
            "inventory_mode": "disabled",
            "macro": [
              {
                "id": "",
                "name": "{$SNMP_COMMUNITY}",
                "value": "your_snmp_community"
              }
            ],
            "name": "ILDOC-TEST--09",
            "proxyid": "",
            "tag": [],
            "templates": null
          },
          "sensitive_attributes": [
            [
              {
                "type": "get_attr",
                "value": "macro"
              },
              {
                "type": "index",
                "value": {
                  "value": 0,
                  "type": "number"
                }
              },
              {
                "type": "get_attr",
                "value": "value"
              }
            ]
          ],
          "private": "bnVsbA=="
        },
        {
          "index_key": "ILDOC-TEST--10",
          "schema_version": 0,
          "attributes": {
            "enabled": true,
            "groups": [
              "2"
            ],
            "host": "ILDOC-TEST--10",
            "id": "12731",
            "interface": [
              {
                "dns": "",
                "id": "1147",
                "ip": "17.30.20.15",
                "main": true,
                "port": 161,
                "snmp3_authpassphrase": "{$SNMP3_AUTHPASSPHRASE}",
                "snmp3_authprotocol": "sha",
                "snmp3_contextname": "{$SNMP3_CONTEXTNAME}",
                "snmp3_privpassphrase": "{$SNMP3_PRIVPASSPHRASE}",
                "snmp3_privprotocol": "aes",
                "snmp3_securitylevel": "authpriv",
                "snmp3_securityname": "{$SNMP3_SECURITYNAME}",
                "snmp_bulk": true,
                "snmp_community": "{$SNMP_COMMUNITY}",
                "snmp_version": "2",
                "type": "snmp"
              }
            ],
            "inventory": [],
            "inventory_mode": "disabled",
            "macro": [
              {
                "id": "",
                "name": "{$SNMP_COMMUNITY}",
                "value": "your_snmp_community"
              }
            ],
            "name": "ILDOC-TEST--10",
            "proxyid": "",
            "tag": [],
            "templates": null
          },
          "sensitive_attributes": [
            [
              {
                "type": "get_attr",
                "value": "macro"
              },
              {
                "type": "index",
                "value": {
                  "value": 0,
                  "type": "number"
                }
              },
              {
                "type": "get_attr",
                "value": "value"
              }
            ]
          ],
          "private": "bnVsbA=="
        },
        {
          "index_key": "ILDOC-TEST--11",
          "schema_version": 0,
          "attributes": {
            "enabled": true,
            "groups": [
              "2"
            ],
            "host": "ILDOC-TEST--11",
            "id": "12732",
            "interface": [
              {
                "dns": "",
                "id": "1148",
                "ip": "17.30.20.16",
                "main": true,
                "port": 161,
                "snmp3_authpassphrase": "{$SNMP3_AUTHPASSPHRASE}",
                "snmp3_authprotocol": "sha",
                "snmp3_contextname": "{$SNMP3_CONTEXTNAME}",
                "snmp3_privpassphrase": "{$SNMP3_PRIVPASSPHRASE}",
                "snmp3_privprotocol": "aes",
                "snmp3_securitylevel": "authpriv",
                "snmp3_securityname": "{$SNMP3_SECURITYNAME}",
                "snmp_bulk": true,
                "snmp_community": "{$SNMP_COMMUNITY}",
                "snmp_version": "2",
                "type": "snmp"
              }
            ],
            "inventory": [],
            "inventory_mode": "disabled",
            "macro": [
              {
                "id": "",
                "name": "{$SNMP_COMMUNITY}",
                "value": "your_snmp_community"
              }
            ],
            "name": "ILDOC-TEST--11",
            "proxyid": "",
            "tag": [],
            "templates": null
          },
          "sensitive_attributes": [
            [
              {
                "type": "get_attr",
                "value": "macro"
              },
              {
                "type": "index",
                "value": {
                  "value": 0,
                  "type": "number"
                }
              },
              {
                "type": "get_attr",
                "value": "value"
              }
            ]
          ],
          "private": "bnVsbA=="
        },
        {
          "index_key": "ILDOC-TEST--12",
          "schema_version": 0,
          "attributes": {
            "enabled": true,
            "groups": [
              "2"
            ],
            "host": "ILDOC-TEST--12",
            "id": "12737",
            "interface": [
              {
                "dns": "",
                "id": "1153",
                "ip": "17.30.20.17",
                "main": true,
                "port": 161,
                "snmp3_authpassphrase": "{$SNMP3_AUTHPASSPHRASE}",
                "snmp3_authprotocol": "sha",
                "snmp3_contextname": "{$SNMP3_CONTEXTNAME}",
                "snmp3_privpassphrase": "{$SNMP3_PRIVPASSPHRASE}",
                "snmp3_privprotocol": "aes",
                "snmp3_securitylevel": "authpriv",
                "snmp3_securityname": "{$SNMP3_SECURITYNAME}",
                "snmp_bulk": true,
                "snmp_community": "{$SNMP_COMMUNITY}",
                "snmp_version": "2",
                "type": "snmp"
              }
            ],
            "inventory": [],
            "inventory_mode": "disabled",
            "macro": [
              {
                "id": "",
                "name": "{$SNMP_COMMUNITY}",
                "value": "your_snmp_community"
              }
            ],
            "name": "ILDOC-TEST--12",
            "proxyid": "",
            "tag": [],
            "templates": null
          },
          "sensitive_attributes": [
            [
              {
                "type": "get_attr",
                "value": "macro"
              },
              {
                "type": "index",
                "value": {
                  "value": 0,
                  "type": "number"
                }
              },
              {
                "type": "get_attr",
                "value": "value"
              }
            ]
          ],
          "private": "bnVsbA=="
        }
      ]
    }
  ],
  "check_results": null
}
